set_global_assignment -name FAMILY "Arria 10"
set_global_assignment -name DEVICE 10AX115N2F45E1SG
set_global_assignment -name TOP_LEVEL_ENTITY opq_native_sv_4lane_signoff_top
set_global_assignment -name ORIGINAL_QUARTUS_VERSION 18.1.0
set_global_assignment -name PROJECT_OUTPUT_DIRECTORY output_files
set_global_assignment -name SDC_FILE opq_native_sv_4lane_signoff.sdc

set_global_assignment -name VERILOG_MACRO "SYNTHESIS=1"
set_global_assignment -name VERILOG_MACRO "OPQ_USE_NATIVE_SV"
set_global_assignment -name VERILOG_MACRO "OPQ_N_LANE=4"
set_global_assignment -name VERILOG_MACRO "OPQ_N_SHD=128"
set_global_assignment -name VERILOG_MACRO "OPQ_N_HIT=255"
set_global_assignment -name VERILOG_MACRO "OPQ_TICKET_FIFO_DEPTH=1024"
set_global_assignment -name VERILOG_MACRO "OPQ_PAGE_RAM_DEPTH=65536"

set_global_assignment -name NUM_PARALLEL_PROCESSORS 16
set_global_assignment -name PARALLEL_SYNTHESIS OFF
set_global_assignment -name AUTO_PARALLEL_SYNTHESIS OFF
set_global_assignment -name SEED 1
set_global_assignment -name SAFE_STATE_MACHINE ON
set_global_assignment -name AUTO_SHIFT_REGISTER_RECOGNITION OFF
set_global_assignment -name ALLOW_REGISTER_DUPLICATION ON
set_global_assignment -name ALLOW_REGISTER_MERGING OFF
set_global_assignment -name OPTIMIZATION_MODE "HIGH PERFORMANCE EFFORT"
set_global_assignment -name OPTIMIZATION_TECHNIQUE SPEED
set_global_assignment -name ROUTER_TIMING_OPTIMIZATION_LEVEL MAXIMUM
set_global_assignment -name PLACEMENT_EFFORT_MULTIPLIER 4.0
set_global_assignment -name FITTER_EFFORT "STANDARD FIT"
set_global_assignment -name ADVANCED_PHYSICAL_SYNTHESIS ON
set_global_assignment -name FINAL_PLACEMENT_OPTIMIZATION ALWAYS

set_instance_assignment -name MUX_RESTRUCTURE OFF -to "*"

set_global_assignment -name VERILOG_FILE ../../../rtl/sv_ver/vendor/alt_ram/frame_table.v
set_global_assignment -name VERILOG_FILE src_compat/handle_fifo.v
set_global_assignment -name VERILOG_FILE src_compat/lane_fifo.v
set_global_assignment -name VERILOG_FILE src_compat/page_ram.v
set_global_assignment -name VERILOG_FILE src_compat/ticket_fifo.v
set_global_assignment -name VERILOG_FILE ../../../rtl/sv_ver/vendor/alt_ram/tile_fifo.v

set_global_assignment -name SYSTEMVERILOG_FILE ../../../rtl/sv_ver/ordered_priority_queue/monolithic_sv/ordered_priority_queue_monolithic_ingress_parser.sv
set_global_assignment -name SYSTEMVERILOG_FILE ../../../rtl/sv_ver/ordered_priority_queue/monolithic_sv/ordered_priority_queue_monolithic_page_allocator.sv
set_global_assignment -name SYSTEMVERILOG_FILE src_compat/ordered_priority_queue_monolithic_block_path.sv
set_global_assignment -name SYSTEMVERILOG_FILE ../../../rtl/sv_ver/ordered_priority_queue/monolithic_sv/ordered_priority_queue_monolithic_frame_table_tracker.sv
set_global_assignment -name SYSTEMVERILOG_FILE src_compat/ordered_priority_queue_monolithic_frame_table_presenter.sv
set_global_assignment -name SYSTEMVERILOG_FILE ../../../rtl/sv_ver/ordered_priority_queue/monolithic_sv/ordered_priority_queue_monolithic_basic_presenter.sv
set_global_assignment -name SYSTEMVERILOG_FILE src_compat/ordered_priority_queue_monolithic.sv
set_global_assignment -name SYSTEMVERILOG_FILE opq_native_sv_4lane_signoff_top.sv

set_instance_assignment -name VIRTUAL_PIN ON -to clk
set_instance_assignment -name VIRTUAL_PIN ON -to reset_n
set_instance_assignment -name VIRTUAL_PIN ON -to activity_o[15]
set_instance_assignment -name VIRTUAL_PIN ON -to activity_o[14]
set_instance_assignment -name VIRTUAL_PIN ON -to activity_o[13]
set_instance_assignment -name VIRTUAL_PIN ON -to activity_o[12]
set_instance_assignment -name VIRTUAL_PIN ON -to activity_o[11]
set_instance_assignment -name VIRTUAL_PIN ON -to activity_o[10]
set_instance_assignment -name VIRTUAL_PIN ON -to activity_o[9]
set_instance_assignment -name VIRTUAL_PIN ON -to activity_o[8]
set_instance_assignment -name VIRTUAL_PIN ON -to activity_o[7]
set_instance_assignment -name VIRTUAL_PIN ON -to activity_o[6]
set_instance_assignment -name VIRTUAL_PIN ON -to activity_o[5]
set_instance_assignment -name VIRTUAL_PIN ON -to activity_o[4]
set_instance_assignment -name VIRTUAL_PIN ON -to activity_o[3]
set_instance_assignment -name VIRTUAL_PIN ON -to activity_o[2]
set_instance_assignment -name VIRTUAL_PIN ON -to activity_o[1]
set_instance_assignment -name VIRTUAL_PIN ON -to activity_o[0]

set_global_assignment -name LAST_QUARTUS_VERSION "18.1.0 Standard Edition"
